
Microsoft Visual Studio Solution File, Format Version 12.00
# Visual Studio Version 17
VisualStudioVersion = 17.8.34330.188
MinimumVisualStudioVersion = 10.0.40219.1
Project("{2150E333-8FDC-42A3-9474-1A3956D46DE8}") = "ApiGateways", "ApiGateways", "{F1226EBE-5D05-407F-BFEC-C86B3F8A0299}"
EndProject
Project("{2150E333-8FDC-42A3-9474-1A3956D46DE8}") = "BuildingBlocks", "BuildingBlocks", "{006EE1D1-1A20-4D98-B5A5-0C200B933926}"
EndProject
Project("{2150E333-8FDC-42A3-9474-1A3956D46DE8}") = "Services", "Services", "{452246E2-8800-4AC0-B916-C588B6581B58}"
EndProject
Project("{2150E333-8FDC-42A3-9474-1A3956D46DE8}") = "Registration", "Registration", "{CD85A5A2-9DEC-4F6D-87D4-3BDF6D7015E4}"
EndProject
Project("{9A19103F-16F7-4668-BE54-9A1E7A4F7556}") = "Registration.API", "Services\Registration\Registration.API\Registration.API.csproj", "{7242EB70-C99B-4CE9-8429-D9D150EC254D}"
EndProject
Project("{9A19103F-16F7-4668-BE54-9A1E7A4F7556}") = "Registration.Domain", "Services\Registration\Registration.Domain\Registration.Domain.csproj", "{A387F874-8A80-4A86-AF45-05D41F8693F2}"
EndProject
Project("{9A19103F-16F7-4668-BE54-9A1E7A4F7556}") = "Registration.Infrastructure", "Services\Registration\Registration.Infrastructure\Registration.Infrastructure.csproj", "{4F6446F0-C3FC-4DCD-925A-2AFECA094D42}"
EndProject
Project("{9A19103F-16F7-4668-BE54-9A1E7A4F7556}") = "Registration.Application", "Services\Registration\Registration.Application\Registration.Application.csproj", "{1B5DF2A7-E219-458D-9782-701DDBEDA767}"
EndProject
Project("{E53339B2-1760-4266-BCC7-CA923CBCF16C}") = "docker-compose", "docker-compose.dcproj", "{79CBA934-931A-4E5B-9AF5-3B2802608C6D}"
EndProject
Project("{9A19103F-16F7-4668-BE54-9A1E7A4F7556}") = "EmailService.API", "Services\Email\EmailService.API\EmailService.API.csproj", "{1CF8776A-926C-496D-8761-F049963099E2}"
EndProject
Project("{2150E333-8FDC-42A3-9474-1A3956D46DE8}") = "Email", "Email", "{09BAF951-E926-4AC0-89C0-39A65CA82DD9}"
EndProject
Project("{2150E333-8FDC-42A3-9474-1A3956D46DE8}") = "SMS", "SMS", "{8C0A4ADA-F865-40C8-8102-EBC1D354D857}"
EndProject
Project("{9A19103F-16F7-4668-BE54-9A1E7A4F7556}") = "SMSService.API", "Services\SMS\SMSService.API\SMSService.API.csproj", "{6F21E399-DE52-4D89-AA6C-8259BE915D9E}"
EndProject
Project("{9A19103F-16F7-4668-BE54-9A1E7A4F7556}") = "Common.Logging", "BuildingBlocks\Common.Logging\Common.Logging.csproj", "{5067A061-21C0-4CFC-989F-8DE9202038CE}"
EndProject
Project("{9A19103F-16F7-4668-BE54-9A1E7A4F7556}") = "CQRS", "BuildingBlocks\CQRS\CQRS.csproj", "{6C6FFFEE-A25C-4F50-A93C-F512EB04DA23}"
EndProject
Project("{2150E333-8FDC-42A3-9474-1A3956D46DE8}") = "HealthCheck", "HealthCheck", "{1CC4E6DA-7FBA-47E7-8442-E9846637E3E7}"
EndProject
Project("{FAE04EC0-301F-11D3-BF4B-00C04F79EFBC}") = "HealthCheck", "HealthCheck\HealthCheck\HealthCheck.csproj", "{E69D429E-A455-4C63-829E-732DCD182BB5}"
EndProject
Global
	GlobalSection(SolutionConfigurationPlatforms) = preSolution
		Debug|Any CPU = Debug|Any CPU
		Release|Any CPU = Release|Any CPU
	EndGlobalSection
	GlobalSection(ProjectConfigurationPlatforms) = postSolution
		{7242EB70-C99B-4CE9-8429-D9D150EC254D}.Debug|Any CPU.ActiveCfg = Debug|Any CPU
		{7242EB70-C99B-4CE9-8429-D9D150EC254D}.Debug|Any CPU.Build.0 = Debug|Any CPU
		{7242EB70-C99B-4CE9-8429-D9D150EC254D}.Release|Any CPU.ActiveCfg = Release|Any CPU
		{7242EB70-C99B-4CE9-8429-D9D150EC254D}.Release|Any CPU.Build.0 = Release|Any CPU
		{A387F874-8A80-4A86-AF45-05D41F8693F2}.Debug|Any CPU.ActiveCfg = Debug|Any CPU
		{A387F874-8A80-4A86-AF45-05D41F8693F2}.Debug|Any CPU.Build.0 = Debug|Any CPU
		{A387F874-8A80-4A86-AF45-05D41F8693F2}.Release|Any CPU.ActiveCfg = Release|Any CPU
		{A387F874-8A80-4A86-AF45-05D41F8693F2}.Release|Any CPU.Build.0 = Release|Any CPU
		{4F6446F0-C3FC-4DCD-925A-2AFECA094D42}.Debug|Any CPU.ActiveCfg = Debug|Any CPU
		{4F6446F0-C3FC-4DCD-925A-2AFECA094D42}.Debug|Any CPU.Build.0 = Debug|Any CPU
		{4F6446F0-C3FC-4DCD-925A-2AFECA094D42}.Release|Any CPU.ActiveCfg = Release|Any CPU
		{4F6446F0-C3FC-4DCD-925A-2AFECA094D42}.Release|Any CPU.Build.0 = Release|Any CPU
		{1B5DF2A7-E219-458D-9782-701DDBEDA767}.Debug|Any CPU.ActiveCfg = Debug|Any CPU
		{1B5DF2A7-E219-458D-9782-701DDBEDA767}.Debug|Any CPU.Build.0 = Debug|Any CPU
		{1B5DF2A7-E219-458D-9782-701DDBEDA767}.Release|Any CPU.ActiveCfg = Release|Any CPU
		{1B5DF2A7-E219-458D-9782-701DDBEDA767}.Release|Any CPU.Build.0 = Release|Any CPU
		{79CBA934-931A-4E5B-9AF5-3B2802608C6D}.Debug|Any CPU.ActiveCfg = Debug|Any CPU
		{79CBA934-931A-4E5B-9AF5-3B2802608C6D}.Debug|Any CPU.Build.0 = Debug|Any CPU
		{79CBA934-931A-4E5B-9AF5-3B2802608C6D}.Release|Any CPU.ActiveCfg = Release|Any CPU
		{79CBA934-931A-4E5B-9AF5-3B2802608C6D}.Release|Any CPU.Build.0 = Release|Any CPU
		{1CF8776A-926C-496D-8761-F049963099E2}.Debug|Any CPU.ActiveCfg = Debug|Any CPU
		{1CF8776A-926C-496D-8761-F049963099E2}.Debug|Any CPU.Build.0 = Debug|Any CPU
		{1CF8776A-926C-496D-8761-F049963099E2}.Release|Any CPU.ActiveCfg = Release|Any CPU
		{1CF8776A-926C-496D-8761-F049963099E2}.Release|Any CPU.Build.0 = Release|Any CPU
		{6F21E399-DE52-4D89-AA6C-8259BE915D9E}.Debug|Any CPU.ActiveCfg = Debug|Any CPU
		{6F21E399-DE52-4D89-AA6C-8259BE915D9E}.Debug|Any CPU.Build.0 = Debug|Any CPU
		{6F21E399-DE52-4D89-AA6C-8259BE915D9E}.Release|Any CPU.ActiveCfg = Release|Any CPU
		{6F21E399-DE52-4D89-AA6C-8259BE915D9E}.Release|Any CPU.Build.0 = Release|Any CPU
		{5067A061-21C0-4CFC-989F-8DE9202038CE}.Debug|Any CPU.ActiveCfg = Debug|Any CPU
		{5067A061-21C0-4CFC-989F-8DE9202038CE}.Debug|Any CPU.Build.0 = Debug|Any CPU
		{5067A061-21C0-4CFC-989F-8DE9202038CE}.Release|Any CPU.ActiveCfg = Release|Any CPU
		{5067A061-21C0-4CFC-989F-8DE9202038CE}.Release|Any CPU.Build.0 = Release|Any CPU
		{6C6FFFEE-A25C-4F50-A93C-F512EB04DA23}.Debug|Any CPU.ActiveCfg = Debug|Any CPU
		{6C6FFFEE-A25C-4F50-A93C-F512EB04DA23}.Debug|Any CPU.Build.0 = Debug|Any CPU
		{6C6FFFEE-A25C-4F50-A93C-F512EB04DA23}.Release|Any CPU.ActiveCfg = Release|Any CPU
		{6C6FFFEE-A25C-4F50-A93C-F512EB04DA23}.Release|Any CPU.Build.0 = Release|Any CPU
		{E69D429E-A455-4C63-829E-732DCD182BB5}.Debug|Any CPU.ActiveCfg = Debug|Any CPU
		{E69D429E-A455-4C63-829E-732DCD182BB5}.Debug|Any CPU.Build.0 = Debug|Any CPU
		{E69D429E-A455-4C63-829E-732DCD182BB5}.Release|Any CPU.ActiveCfg = Release|Any CPU
		{E69D429E-A455-4C63-829E-732DCD182BB5}.Release|Any CPU.Build.0 = Release|Any CPU
	EndGlobalSection
	GlobalSection(SolutionProperties) = preSolution
		HideSolutionNode = FALSE
	EndGlobalSection
	GlobalSection(NestedProjects) = preSolution
		{CD85A5A2-9DEC-4F6D-87D4-3BDF6D7015E4} = {452246E2-8800-4AC0-B916-C588B6581B58}
		{7242EB70-C99B-4CE9-8429-D9D150EC254D} = {CD85A5A2-9DEC-4F6D-87D4-3BDF6D7015E4}
		{A387F874-8A80-4A86-AF45-05D41F8693F2} = {CD85A5A2-9DEC-4F6D-87D4-3BDF6D7015E4}
		{4F6446F0-C3FC-4DCD-925A-2AFECA094D42} = {CD85A5A2-9DEC-4F6D-87D4-3BDF6D7015E4}
		{1B5DF2A7-E219-458D-9782-701DDBEDA767} = {CD85A5A2-9DEC-4F6D-87D4-3BDF6D7015E4}
		{1CF8776A-926C-496D-8761-F049963099E2} = {09BAF951-E926-4AC0-89C0-39A65CA82DD9}
		{09BAF951-E926-4AC0-89C0-39A65CA82DD9} = {452246E2-8800-4AC0-B916-C588B6581B58}
		{8C0A4ADA-F865-40C8-8102-EBC1D354D857} = {452246E2-8800-4AC0-B916-C588B6581B58}
		{6F21E399-DE52-4D89-AA6C-8259BE915D9E} = {8C0A4ADA-F865-40C8-8102-EBC1D354D857}
		{5067A061-21C0-4CFC-989F-8DE9202038CE} = {006EE1D1-1A20-4D98-B5A5-0C200B933926}
		{6C6FFFEE-A25C-4F50-A93C-F512EB04DA23} = {006EE1D1-1A20-4D98-B5A5-0C200B933926}
		{E69D429E-A455-4C63-829E-732DCD182BB5} = {1CC4E6DA-7FBA-47E7-8442-E9846637E3E7}
	EndGlobalSection
	GlobalSection(ExtensibilityGlobals) = postSolution
		SolutionGuid = {3F90B27D-90A0-4D83-BFFF-1C81C51ABC12}
	EndGlobalSection
EndGlobal
